
Microsoft Visual Studio Solution File, Format Version 12.00
# Visual Studio Version 17
VisualStudioVersion = 17.5.33516.290
MinimumVisualStudioVersion = 10.0.40219.1
Project("{FAE04EC0-301F-11D3-BF4B-00C04F79EFBC}") = "SifreKasasiUygulamasi", "ŞifreKasasiUygulamasi\SifreKasasiUygulamasi.csproj", "{F8299C40-80DC-4E1A-93A6-B028AA3CA1BB}"
EndProject
Project("{FAE04EC0-301F-11D3-BF4B-00C04F79EFBC}") = "EntityLayer", "Entity\EntityLayer.csproj", "{61D56170-F0D7-4A46-9848-EF7FB37430D6}"
EndProject
Project("{FAE04EC0-301F-11D3-BF4B-00C04F79EFBC}") = "DataAccessLayer", "DataAccessLayer\DataAccessLayer.csproj", "{6E1E1D68-69DE-4B65-9F69-A7993644E7D1}"
EndProject
Project("{FAE04EC0-301F-11D3-BF4B-00C04F79EFBC}") = "BusinessLayer", "BusinessLayer\BusinessLayer.csproj", "{ABC6383A-9CA2-4B05-9A8A-FE86A4DA3E74}"
EndProject
Project("{FAE04EC0-301F-11D3-BF4B-00C04F79EFBC}") = "SifreKasasiAPI", "SifreKasasiAPI\SifreKasasiAPI.csproj", "{8A7684B2-D4D7-4BA0-84D9-EBA5893B6269}"
EndProject
Global
	GlobalSection(SolutionConfigurationPlatforms) = preSolution
		Debug|Any CPU = Debug|Any CPU
		Release|Any CPU = Release|Any CPU
	EndGlobalSection
	GlobalSection(ProjectConfigurationPlatforms) = postSolution
		{F8299C40-80DC-4E1A-93A6-B028AA3CA1BB}.Debug|Any CPU.ActiveCfg = Debug|Any CPU
		{F8299C40-80DC-4E1A-93A6-B028AA3CA1BB}.Debug|Any CPU.Build.0 = Debug|Any CPU
		{F8299C40-80DC-4E1A-93A6-B028AA3CA1BB}.Release|Any CPU.ActiveCfg = Release|Any CPU
		{F8299C40-80DC-4E1A-93A6-B028AA3CA1BB}.Release|Any CPU.Build.0 = Release|Any CPU
		{61D56170-F0D7-4A46-9848-EF7FB37430D6}.Debug|Any CPU.ActiveCfg = Debug|Any CPU
		{61D56170-F0D7-4A46-9848-EF7FB37430D6}.Debug|Any CPU.Build.0 = Debug|Any CPU
		{61D56170-F0D7-4A46-9848-EF7FB37430D6}.Release|Any CPU.ActiveCfg = Release|Any CPU
		{61D56170-F0D7-4A46-9848-EF7FB37430D6}.Release|Any CPU.Build.0 = Release|Any CPU
		{6E1E1D68-69DE-4B65-9F69-A7993644E7D1}.Debug|Any CPU.ActiveCfg = Debug|Any CPU
		{6E1E1D68-69DE-4B65-9F69-A7993644E7D1}.Debug|Any CPU.Build.0 = Debug|Any CPU
		{6E1E1D68-69DE-4B65-9F69-A7993644E7D1}.Release|Any CPU.ActiveCfg = Release|Any CPU
		{6E1E1D68-69DE-4B65-9F69-A7993644E7D1}.Release|Any CPU.Build.0 = Release|Any CPU
		{ABC6383A-9CA2-4B05-9A8A-FE86A4DA3E74}.Debug|Any CPU.ActiveCfg = Debug|Any CPU
		{ABC6383A-9CA2-4B05-9A8A-FE86A4DA3E74}.Debug|Any CPU.Build.0 = Debug|Any CPU
		{ABC6383A-9CA2-4B05-9A8A-FE86A4DA3E74}.Release|Any CPU.ActiveCfg = Release|Any CPU
		{ABC6383A-9CA2-4B05-9A8A-FE86A4DA3E74}.Release|Any CPU.Build.0 = Release|Any CPU
		{8A7684B2-D4D7-4BA0-84D9-EBA5893B6269}.Debug|Any CPU.ActiveCfg = Debug|Any CPU
		{8A7684B2-D4D7-4BA0-84D9-EBA5893B6269}.Debug|Any CPU.Build.0 = Debug|Any CPU
		{8A7684B2-D4D7-4BA0-84D9-EBA5893B6269}.Release|Any CPU.ActiveCfg = Release|Any CPU
		{8A7684B2-D4D7-4BA0-84D9-EBA5893B6269}.Release|Any CPU.Build.0 = Release|Any CPU
	EndGlobalSection
	GlobalSection(SolutionProperties) = preSolution
		HideSolutionNode = FALSE
	EndGlobalSection
	GlobalSection(ExtensibilityGlobals) = postSolution
		SolutionGuid = {095408E2-1075-47E6-9EDF-A94324F165D4}
	EndGlobalSection
EndGlobal
